
Microsoft Visual Studio Solution File, Format Version 12.00
# Visual Studio 15
VisualStudioVersion = 15.0.28307.421
MinimumVisualStudioVersion = 10.0.40219.1
Project("{FAE04EC0-301F-11D3-BF4B-00C04F79EFBC}") = "CalendarClient", "CalendarClient\CalendarClient.csproj", "{1A262930-1AE2-46EE-8906-7E9823212ACE}"
EndProject
Project("{FAE04EC0-301F-11D3-BF4B-00C04F79EFBC}") = "CalendarClientTests", "CalendarClientTests\CalendarClientTests.csproj", "{C6D18FD5-6DA3-410D-89F2-C5B17B3A8858}"
EndProject
Project("{FAE04EC0-301F-11D3-BF4B-00C04F79EFBC}") = "MemberClientTests", "MemberClientTests\MemberClientTests.csproj", "{1956587C-68F9-4993-855A-25B2748CF0A0}"
EndProject
Project("{FAE04EC0-301F-11D3-BF4B-00C04F79EFBC}") = "MemberClient", "MemberClient\MemberClient.csproj", "{E41B1345-A8B9-4B2F-89E4-0767CE369FF1}"
EndProject
Project("{FAE04EC0-301F-11D3-BF4B-00C04F79EFBC}") = "BusinessService", "BusinessService\BusinessService.csproj", "{4B7A85CD-6772-4DFC-BB3E-301E778AD6D4}"
EndProject
Project("{FAE04EC0-301F-11D3-BF4B-00C04F79EFBC}") = "BusinessServiceTests", "BusinessServiceTests\BusinessServiceTests.csproj", "{135A077E-BF88-4C57-B43D-C192CCE00C30}"
EndProject
Global
	GlobalSection(SolutionConfigurationPlatforms) = preSolution
		Debug|Any CPU = Debug|Any CPU
		Release|Any CPU = Release|Any CPU
	EndGlobalSection
	GlobalSection(ProjectConfigurationPlatforms) = postSolution
		{1A262930-1AE2-46EE-8906-7E9823212ACE}.Debug|Any CPU.ActiveCfg = Debug|Any CPU
		{1A262930-1AE2-46EE-8906-7E9823212ACE}.Debug|Any CPU.Build.0 = Debug|Any CPU
		{1A262930-1AE2-46EE-8906-7E9823212ACE}.Release|Any CPU.ActiveCfg = Release|Any CPU
		{1A262930-1AE2-46EE-8906-7E9823212ACE}.Release|Any CPU.Build.0 = Release|Any CPU
		{C6D18FD5-6DA3-410D-89F2-C5B17B3A8858}.Debug|Any CPU.ActiveCfg = Debug|Any CPU
		{C6D18FD5-6DA3-410D-89F2-C5B17B3A8858}.Debug|Any CPU.Build.0 = Debug|Any CPU
		{C6D18FD5-6DA3-410D-89F2-C5B17B3A8858}.Release|Any CPU.ActiveCfg = Release|Any CPU
		{C6D18FD5-6DA3-410D-89F2-C5B17B3A8858}.Release|Any CPU.Build.0 = Release|Any CPU
		{1956587C-68F9-4993-855A-25B2748CF0A0}.Debug|Any CPU.ActiveCfg = Debug|Any CPU
		{1956587C-68F9-4993-855A-25B2748CF0A0}.Debug|Any CPU.Build.0 = Debug|Any CPU
		{1956587C-68F9-4993-855A-25B2748CF0A0}.Release|Any CPU.ActiveCfg = Release|Any CPU
		{1956587C-68F9-4993-855A-25B2748CF0A0}.Release|Any CPU.Build.0 = Release|Any CPU
		{E41B1345-A8B9-4B2F-89E4-0767CE369FF1}.Debug|Any CPU.ActiveCfg = Debug|Any CPU
		{E41B1345-A8B9-4B2F-89E4-0767CE369FF1}.Debug|Any CPU.Build.0 = Debug|Any CPU
		{E41B1345-A8B9-4B2F-89E4-0767CE369FF1}.Release|Any CPU.ActiveCfg = Release|Any CPU
		{E41B1345-A8B9-4B2F-89E4-0767CE369FF1}.Release|Any CPU.Build.0 = Release|Any CPU
		{4B7A85CD-6772-4DFC-BB3E-301E778AD6D4}.Debug|Any CPU.ActiveCfg = Debug|Any CPU
		{4B7A85CD-6772-4DFC-BB3E-301E778AD6D4}.Debug|Any CPU.Build.0 = Debug|Any CPU
		{4B7A85CD-6772-4DFC-BB3E-301E778AD6D4}.Release|Any CPU.ActiveCfg = Release|Any CPU
		{4B7A85CD-6772-4DFC-BB3E-301E778AD6D4}.Release|Any CPU.Build.0 = Release|Any CPU
		{135A077E-BF88-4C57-B43D-C192CCE00C30}.Debug|Any CPU.ActiveCfg = Debug|Any CPU
		{135A077E-BF88-4C57-B43D-C192CCE00C30}.Debug|Any CPU.Build.0 = Debug|Any CPU
		{135A077E-BF88-4C57-B43D-C192CCE00C30}.Release|Any CPU.ActiveCfg = Release|Any CPU
		{135A077E-BF88-4C57-B43D-C192CCE00C30}.Release|Any CPU.Build.0 = Release|Any CPU
	EndGlobalSection
	GlobalSection(SolutionProperties) = preSolution
		HideSolutionNode = FALSE
	EndGlobalSection
	GlobalSection(ExtensibilityGlobals) = postSolution
		SolutionGuid = {C6597CA4-772A-4EF1-9C71-18EA3833749B}
	EndGlobalSection
EndGlobal
